
Microsoft Visual Studio Solution File, Format Version 12.00
# Visual Studio Version 17
VisualStudioVersion = 17.9.34701.34
MinimumVisualStudioVersion = 10.0.40219.1
Project("{FAE04EC0-301F-11D3-BF4B-00C04F79EFBC}") = "REA_OOP", "REA_OOP.csproj", "{38ADA020-D62C-482E-B9FD-A8566BD85B29}"
EndProject
Global
	GlobalSection(SolutionConfigurationPlatforms) = preSolution
		Debug|Any CPU = Debug|Any CPU
		Release|Any CPU = Release|Any CPU
	EndGlobalSection
	GlobalSection(ProjectConfigurationPlatforms) = postSolution
		{38ADA020-D62C-482E-B9FD-A8566BD85B29}.Debug|Any CPU.ActiveCfg = Debug|Any CPU
		{38ADA020-D62C-482E-B9FD-A8566BD85B29}.Debug|Any CPU.Build.0 = Debug|Any CPU
		{38ADA020-D62C-482E-B9FD-A8566BD85B29}.Release|Any CPU.ActiveCfg = Release|Any CPU
		{38ADA020-D62C-482E-B9FD-A8566BD85B29}.Release|Any CPU.Build.0 = Release|Any CPU
	EndGlobalSection
	GlobalSection(SolutionProperties) = preSolution
		HideSolutionNode = FALSE
	EndGlobalSection
	GlobalSection(ExtensibilityGlobals) = postSolution
		SolutionGuid = {1159D190-6EC6-4AEA-9805-BD0B807FF0AD}
	EndGlobalSection
EndGlobal
